
Microsoft Visual Studio Solution File, Format Version 12.00
# Visual Studio Version 17
VisualStudioVersion = 17.8.34322.80
MinimumVisualStudioVersion = 10.0.40219.1
Project("{9A19103F-16F7-4668-BE54-9A1E7A4F7556}") = "Monster Builder Web API", "Monster Builder Web API.csproj", "{581998A5-574A-47D5-9215-F046FF1FE2F3}"
EndProject
Project("{2150E333-8FDC-42A3-9474-1A3956D46DE8}") = "Solution Items", "Solution Items", "{58C70FB6-C4B3-4370-81C8-329FD966807F}"
EndProject
Project("{2150E333-8FDC-42A3-9474-1A3956D46DE8}") = "Unit Tests", "Unit Tests", "{24CBFF22-B026-40F8-AC89-C4F15DED590F}"
EndProject
Project("{9A19103F-16F7-4668-BE54-9A1E7A4F7556}") = "TestProject1", "..\UnitTests\TestProject1.csproj", "{0E424977-D341-464C-945C-7B1D3EC62D85}"
EndProject
Global
	GlobalSection(SolutionConfigurationPlatforms) = preSolution
		Debug|Any CPU = Debug|Any CPU
		Release|Any CPU = Release|Any CPU
	EndGlobalSection
	GlobalSection(ProjectConfigurationPlatforms) = postSolution
		{581998A5-574A-47D5-9215-F046FF1FE2F3}.Debug|Any CPU.ActiveCfg = Debug|Any CPU
		{581998A5-574A-47D5-9215-F046FF1FE2F3}.Debug|Any CPU.Build.0 = Debug|Any CPU
		{581998A5-574A-47D5-9215-F046FF1FE2F3}.Release|Any CPU.ActiveCfg = Release|Any CPU
		{581998A5-574A-47D5-9215-F046FF1FE2F3}.Release|Any CPU.Build.0 = Release|Any CPU
		{0E424977-D341-464C-945C-7B1D3EC62D85}.Debug|Any CPU.ActiveCfg = Debug|Any CPU
		{0E424977-D341-464C-945C-7B1D3EC62D85}.Debug|Any CPU.Build.0 = Debug|Any CPU
		{0E424977-D341-464C-945C-7B1D3EC62D85}.Release|Any CPU.ActiveCfg = Release|Any CPU
		{0E424977-D341-464C-945C-7B1D3EC62D85}.Release|Any CPU.Build.0 = Release|Any CPU
	EndGlobalSection
	GlobalSection(SolutionProperties) = preSolution
		HideSolutionNode = FALSE
	EndGlobalSection
	GlobalSection(ExtensibilityGlobals) = postSolution
		SolutionGuid = {7F829A45-04E0-44AF-A05D-3FF75EEC8249}
	EndGlobalSection
EndGlobal
